
Microsoft Visual Studio Solution File, Format Version 12.00
# Visual Studio 15
VisualStudioVersion = 15.0.28307.136
MinimumVisualStudioVersion = 10.0.40219.1
Project("{FAE04EC0-301F-11D3-BF4B-00C04F79EFBC}") = "JukeBox", "JukeBox\JukeBox.csproj", "{CEE0576C-C001-416D-84B7-71A712AB909A}"
EndProject
Project("{9A19103F-16F7-4668-BE54-9A1E7A4F7556}") = "JukeBox.Common", "JukeBox.Common\JukeBox.Common.csproj", "{1B1FB1A0-29A9-4AE0-AB59-58F01301DC26}"
EndProject
Project("{FAE04EC0-301F-11D3-BF4B-00C04F79EFBC}") = "JukeBox.Mobile.Android", "JukeBox.Mobile\JukeBox.Mobile.Android\JukeBox.Mobile.Android.csproj", "{8A8DE7DB-DE06-4CDD-9D36-D0ED515FEA9B}"
EndProject
Project("{FAE04EC0-301F-11D3-BF4B-00C04F79EFBC}") = "JukeBox.Mobile.iOS", "JukeBox.Mobile\JukeBox.Mobile.iOS\JukeBox.Mobile.iOS.csproj", "{96B657DC-ACE5-4350-A513-4DA8B899FF3D}"
EndProject
Project("{9A19103F-16F7-4668-BE54-9A1E7A4F7556}") = "JukeBox.Mobile", "JukeBox.Mobile\JukeBox.Mobile\JukeBox.Mobile.csproj", "{41945E97-5715-45FD-8F54-A1C77E4F115B}"
EndProject
Project("{2150E333-8FDC-42A3-9474-1A3956D46DE8}") = "IoT", "IoT", "{B180B3CC-A1C7-4E83-BF83-CDF469A679D0}"
EndProject
Project("{2150E333-8FDC-42A3-9474-1A3956D46DE8}") = "Mobile", "Mobile", "{F88A5547-350E-4523-9ED9-C7B53CA74FBF}"
EndProject
Project("{2150E333-8FDC-42A3-9474-1A3956D46DE8}") = "Common", "Common", "{C0FD6390-41B0-4B8C-9F9A-1F266C5C72D7}"
EndProject
Global
	GlobalSection(SolutionConfigurationPlatforms) = preSolution
		Ad-Hoc|Any CPU = Ad-Hoc|Any CPU
		Ad-Hoc|ARM = Ad-Hoc|ARM
		Ad-Hoc|iPhone = Ad-Hoc|iPhone
		Ad-Hoc|iPhoneSimulator = Ad-Hoc|iPhoneSimulator
		Ad-Hoc|x64 = Ad-Hoc|x64
		Ad-Hoc|x86 = Ad-Hoc|x86
		AppStore|Any CPU = AppStore|Any CPU
		AppStore|ARM = AppStore|ARM
		AppStore|iPhone = AppStore|iPhone
		AppStore|iPhoneSimulator = AppStore|iPhoneSimulator
		AppStore|x64 = AppStore|x64
		AppStore|x86 = AppStore|x86
		Debug|Any CPU = Debug|Any CPU
		Debug|ARM = Debug|ARM
		Debug|iPhone = Debug|iPhone
		Debug|iPhoneSimulator = Debug|iPhoneSimulator
		Debug|x64 = Debug|x64
		Debug|x86 = Debug|x86
		Release|Any CPU = Release|Any CPU
		Release|ARM = Release|ARM
		Release|iPhone = Release|iPhone
		Release|iPhoneSimulator = Release|iPhoneSimulator
		Release|x64 = Release|x64
		Release|x86 = Release|x86
	EndGlobalSection
	GlobalSection(ProjectConfigurationPlatforms) = postSolution
		{CEE0576C-C001-416D-84B7-71A712AB909A}.Ad-Hoc|Any CPU.ActiveCfg = Release|x64
		{CEE0576C-C001-416D-84B7-71A712AB909A}.Ad-Hoc|Any CPU.Build.0 = Release|x64
		{CEE0576C-C001-416D-84B7-71A712AB909A}.Ad-Hoc|Any CPU.Deploy.0 = Release|x64
		{CEE0576C-C001-416D-84B7-71A712AB909A}.Ad-Hoc|ARM.ActiveCfg = Release|ARM
		{CEE0576C-C001-416D-84B7-71A712AB909A}.Ad-Hoc|ARM.Build.0 = Release|ARM
		{CEE0576C-C001-416D-84B7-71A712AB909A}.Ad-Hoc|ARM.Deploy.0 = Release|ARM
		{CEE0576C-C001-416D-84B7-71A712AB909A}.Ad-Hoc|iPhone.ActiveCfg = Release|x64
		{CEE0576C-C001-416D-84B7-71A712AB909A}.Ad-Hoc|iPhone.Build.0 = Release|x64
		{CEE0576C-C001-416D-84B7-71A712AB909A}.Ad-Hoc|iPhone.Deploy.0 = Release|x64
		{CEE0576C-C001-416D-84B7-71A712AB909A}.Ad-Hoc|iPhoneSimulator.ActiveCfg = Release|x64
		{CEE0576C-C001-416D-84B7-71A712AB909A}.Ad-Hoc|iPhoneSimulator.Build.0 = Release|x64
		{CEE0576C-C001-416D-84B7-71A712AB909A}.Ad-Hoc|iPhoneSimulator.Deploy.0 = Release|x64
		{CEE0576C-C001-416D-84B7-71A712AB909A}.Ad-Hoc|x64.ActiveCfg = Release|x64
		{CEE0576C-C001-416D-84B7-71A712AB909A}.Ad-Hoc|x64.Build.0 = Release|x64
		{CEE0576C-C001-416D-84B7-71A712AB909A}.Ad-Hoc|x64.Deploy.0 = Release|x64
		{CEE0576C-C001-416D-84B7-71A712AB909A}.Ad-Hoc|x86.ActiveCfg = Release|x86
		{CEE0576C-C001-416D-84B7-71A712AB909A}.Ad-Hoc|x86.Build.0 = Release|x86
		{CEE0576C-C001-416D-84B7-71A712AB909A}.Ad-Hoc|x86.Deploy.0 = Release|x86
		{CEE0576C-C001-416D-84B7-71A712AB909A}.AppStore|Any CPU.ActiveCfg = Release|x64
		{CEE0576C-C001-416D-84B7-71A712AB909A}.AppStore|Any CPU.Build.0 = Release|x64
		{CEE0576C-C001-416D-84B7-71A712AB909A}.AppStore|Any CPU.Deploy.0 = Release|x64
		{CEE0576C-C001-416D-84B7-71A712AB909A}.AppStore|ARM.ActiveCfg = Release|ARM
		{CEE0576C-C001-416D-84B7-71A712AB909A}.AppStore|ARM.Build.0 = Release|ARM
		{CEE0576C-C001-416D-84B7-71A712AB909A}.AppStore|ARM.Deploy.0 = Release|ARM
		{CEE0576C-C001-416D-84B7-71A712AB909A}.AppStore|iPhone.ActiveCfg = Release|x64
		{CEE0576C-C001-416D-84B7-71A712AB909A}.AppStore|iPhone.Build.0 = Release|x64
		{CEE0576C-C001-416D-84B7-71A712AB909A}.AppStore|iPhone.Deploy.0 = Release|x64
		{CEE0576C-C001-416D-84B7-71A712AB909A}.AppStore|iPhoneSimulator.ActiveCfg = Release|x64
		{CEE0576C-C001-416D-84B7-71A712AB909A}.AppStore|iPhoneSimulator.Build.0 = Release|x64
		{CEE0576C-C001-416D-84B7-71A712AB909A}.AppStore|iPhoneSimulator.Deploy.0 = Release|x64
		{CEE0576C-C001-416D-84B7-71A712AB909A}.AppStore|x64.ActiveCfg = Release|x64
		{CEE0576C-C001-416D-84B7-71A712AB909A}.AppStore|x64.Build.0 = Release|x64
		{CEE0576C-C001-416D-84B7-71A712AB909A}.AppStore|x64.Deploy.0 = Release|x64
		{CEE0576C-C001-416D-84B7-71A712AB909A}.AppStore|x86.ActiveCfg = Release|x86
		{CEE0576C-C001-416D-84B7-71A712AB909A}.AppStore|x86.Build.0 = Release|x86
		{CEE0576C-C001-416D-84B7-71A712AB909A}.AppStore|x86.Deploy.0 = Release|x86
		{CEE0576C-C001-416D-84B7-71A712AB909A}.Debug|Any CPU.ActiveCfg = Debug|x86
		{CEE0576C-C001-416D-84B7-71A712AB909A}.Debug|Any CPU.Build.0 = Debug|x86
		{CEE0576C-C001-416D-84B7-71A712AB909A}.Debug|Any CPU.Deploy.0 = Debug|x86
		{CEE0576C-C001-416D-84B7-71A712AB909A}.Debug|ARM.ActiveCfg = Debug|ARM
		{CEE0576C-C001-416D-84B7-71A712AB909A}.Debug|ARM.Build.0 = Debug|ARM
		{CEE0576C-C001-416D-84B7-71A712AB909A}.Debug|ARM.Deploy.0 = Debug|ARM
		{CEE0576C-C001-416D-84B7-71A712AB909A}.Debug|iPhone.ActiveCfg = Debug|x86
		{CEE0576C-C001-416D-84B7-71A712AB909A}.Debug|iPhoneSimulator.ActiveCfg = Debug|x86
		{CEE0576C-C001-416D-84B7-71A712AB909A}.Debug|x64.ActiveCfg = Debug|x64
		{CEE0576C-C001-416D-84B7-71A712AB909A}.Debug|x64.Build.0 = Debug|x64
		{CEE0576C-C001-416D-84B7-71A712AB909A}.Debug|x64.Deploy.0 = Debug|x64
		{CEE0576C-C001-416D-84B7-71A712AB909A}.Debug|x86.ActiveCfg = Debug|x86
		{CEE0576C-C001-416D-84B7-71A712AB909A}.Debug|x86.Build.0 = Debug|x86
		{CEE0576C-C001-416D-84B7-71A712AB909A}.Debug|x86.Deploy.0 = Debug|x86
		{CEE0576C-C001-416D-84B7-71A712AB909A}.Release|Any CPU.ActiveCfg = Release|x86
		{CEE0576C-C001-416D-84B7-71A712AB909A}.Release|ARM.ActiveCfg = Release|ARM
		{CEE0576C-C001-416D-84B7-71A712AB909A}.Release|ARM.Build.0 = Release|ARM
		{CEE0576C-C001-416D-84B7-71A712AB909A}.Release|ARM.Deploy.0 = Release|ARM
		{CEE0576C-C001-416D-84B7-71A712AB909A}.Release|iPhone.ActiveCfg = Release|x86
		{CEE0576C-C001-416D-84B7-71A712AB909A}.Release|iPhoneSimulator.ActiveCfg = Release|x86
		{CEE0576C-C001-416D-84B7-71A712AB909A}.Release|x64.ActiveCfg = Release|x64
		{CEE0576C-C001-416D-84B7-71A712AB909A}.Release|x64.Build.0 = Release|x64
		{CEE0576C-C001-416D-84B7-71A712AB909A}.Release|x64.Deploy.0 = Release|x64
		{CEE0576C-C001-416D-84B7-71A712AB909A}.Release|x86.ActiveCfg = Release|x86
		{CEE0576C-C001-416D-84B7-71A712AB909A}.Release|x86.Build.0 = Release|x86
		{CEE0576C-C001-416D-84B7-71A712AB909A}.Release|x86.Deploy.0 = Release|x86
		{1B1FB1A0-29A9-4AE0-AB59-58F01301DC26}.Ad-Hoc|Any CPU.ActiveCfg = Release|Any CPU
		{1B1FB1A0-29A9-4AE0-AB59-58F01301DC26}.Ad-Hoc|Any CPU.Build.0 = Release|Any CPU
		{1B1FB1A0-29A9-4AE0-AB59-58F01301DC26}.Ad-Hoc|ARM.ActiveCfg = Release|Any CPU
		{1B1FB1A0-29A9-4AE0-AB59-58F01301DC26}.Ad-Hoc|ARM.Build.0 = Release|Any CPU
		{1B1FB1A0-29A9-4AE0-AB59-58F01301DC26}.Ad-Hoc|iPhone.ActiveCfg = Release|Any CPU
		{1B1FB1A0-29A9-4AE0-AB59-58F01301DC26}.Ad-Hoc|iPhone.Build.0 = Release|Any CPU
		{1B1FB1A0-29A9-4AE0-AB59-58F01301DC26}.Ad-Hoc|iPhoneSimulator.ActiveCfg = Release|Any CPU
		{1B1FB1A0-29A9-4AE0-AB59-58F01301DC26}.Ad-Hoc|iPhoneSimulator.Build.0 = Release|Any CPU
		{1B1FB1A0-29A9-4AE0-AB59-58F01301DC26}.Ad-Hoc|x64.ActiveCfg = Release|Any CPU
		{1B1FB1A0-29A9-4AE0-AB59-58F01301DC26}.Ad-Hoc|x64.Build.0 = Release|Any CPU
		{1B1FB1A0-29A9-4AE0-AB59-58F01301DC26}.Ad-Hoc|x86.ActiveCfg = Release|Any CPU
		{1B1FB1A0-29A9-4AE0-AB59-58F01301DC26}.Ad-Hoc|x86.Build.0 = Release|Any CPU
		{1B1FB1A0-29A9-4AE0-AB59-58F01301DC26}.AppStore|Any CPU.ActiveCfg = Release|Any CPU
		{1B1FB1A0-29A9-4AE0-AB59-58F01301DC26}.AppStore|Any CPU.Build.0 = Release|Any CPU
		{1B1FB1A0-29A9-4AE0-AB59-58F01301DC26}.AppStore|ARM.ActiveCfg = Release|Any CPU
		{1B1FB1A0-29A9-4AE0-AB59-58F01301DC26}.AppStore|ARM.Build.0 = Release|Any CPU
		{1B1FB1A0-29A9-4AE0-AB59-58F01301DC26}.AppStore|iPhone.ActiveCfg = Release|Any CPU
		{1B1FB1A0-29A9-4AE0-AB59-58F01301DC26}.AppStore|iPhone.Build.0 = Release|Any CPU
		{1B1FB1A0-29A9-4AE0-AB59-58F01301DC26}.AppStore|iPhoneSimulator.ActiveCfg = Release|Any CPU
		{1B1FB1A0-29A9-4AE0-AB59-58F01301DC26}.AppStore|iPhoneSimulator.Build.0 = Release|Any CPU
		{1B1FB1A0-29A9-4AE0-AB59-58F01301DC26}.AppStore|x64.ActiveCfg = Release|Any CPU
		{1B1FB1A0-29A9-4AE0-AB59-58F01301DC26}.AppStore|x64.Build.0 = Release|Any CPU
		{1B1FB1A0-29A9-4AE0-AB59-58F01301DC26}.AppStore|x86.ActiveCfg = Release|Any CPU
		{1B1FB1A0-29A9-4AE0-AB59-58F01301DC26}.AppStore|x86.Build.0 = Release|Any CPU
		{1B1FB1A0-29A9-4AE0-AB59-58F01301DC26}.Debug|Any CPU.ActiveCfg = Debug|Any CPU
		{1B1FB1A0-29A9-4AE0-AB59-58F01301DC26}.Debug|Any CPU.Build.0 = Debug|Any CPU
		{1B1FB1A0-29A9-4AE0-AB59-58F01301DC26}.Debug|ARM.ActiveCfg = Debug|Any CPU
		{1B1FB1A0-29A9-4AE0-AB59-58F01301DC26}.Debug|ARM.Build.0 = Debug|Any CPU
		{1B1FB1A0-29A9-4AE0-AB59-58F01301DC26}.Debug|iPhone.ActiveCfg = Debug|Any CPU
		{1B1FB1A0-29A9-4AE0-AB59-58F01301DC26}.Debug|iPhone.Build.0 = Debug|Any CPU
		{1B1FB1A0-29A9-4AE0-AB59-58F01301DC26}.Debug|iPhoneSimulator.ActiveCfg = Debug|Any CPU
		{1B1FB1A0-29A9-4AE0-AB59-58F01301DC26}.Debug|iPhoneSimulator.Build.0 = Debug|Any CPU
		{1B1FB1A0-29A9-4AE0-AB59-58F01301DC26}.Debug|x64.ActiveCfg = Debug|Any CPU
		{1B1FB1A0-29A9-4AE0-AB59-58F01301DC26}.Debug|x64.Build.0 = Debug|Any CPU
		{1B1FB1A0-29A9-4AE0-AB59-58F01301DC26}.Debug|x86.ActiveCfg = Debug|Any CPU
		{1B1FB1A0-29A9-4AE0-AB59-58F01301DC26}.Debug|x86.Build.0 = Debug|Any CPU
		{1B1FB1A0-29A9-4AE0-AB59-58F01301DC26}.Release|Any CPU.ActiveCfg = Release|Any CPU
		{1B1FB1A0-29A9-4AE0-AB59-58F01301DC26}.Release|Any CPU.Build.0 = Release|Any CPU
		{1B1FB1A0-29A9-4AE0-AB59-58F01301DC26}.Release|ARM.ActiveCfg = Release|Any CPU
		{1B1FB1A0-29A9-4AE0-AB59-58F01301DC26}.Release|ARM.Build.0 = Release|Any CPU
		{1B1FB1A0-29A9-4AE0-AB59-58F01301DC26}.Release|iPhone.ActiveCfg = Release|Any CPU
		{1B1FB1A0-29A9-4AE0-AB59-58F01301DC26}.Release|iPhone.Build.0 = Release|Any CPU
		{1B1FB1A0-29A9-4AE0-AB59-58F01301DC26}.Release|iPhoneSimulator.ActiveCfg = Release|Any CPU
		{1B1FB1A0-29A9-4AE0-AB59-58F01301DC26}.Release|iPhoneSimulator.Build.0 = Release|Any CPU
		{1B1FB1A0-29A9-4AE0-AB59-58F01301DC26}.Release|x64.ActiveCfg = Release|Any CPU
		{1B1FB1A0-29A9-4AE0-AB59-58F01301DC26}.Release|x64.Build.0 = Release|Any CPU
		{1B1FB1A0-29A9-4AE0-AB59-58F01301DC26}.Release|x86.ActiveCfg = Release|Any CPU
		{1B1FB1A0-29A9-4AE0-AB59-58F01301DC26}.Release|x86.Build.0 = Release|Any CPU
		{8A8DE7DB-DE06-4CDD-9D36-D0ED515FEA9B}.Ad-Hoc|Any CPU.ActiveCfg = Release|Any CPU
		{8A8DE7DB-DE06-4CDD-9D36-D0ED515FEA9B}.Ad-Hoc|Any CPU.Build.0 = Release|Any CPU
		{8A8DE7DB-DE06-4CDD-9D36-D0ED515FEA9B}.Ad-Hoc|Any CPU.Deploy.0 = Release|Any CPU
		{8A8DE7DB-DE06-4CDD-9D36-D0ED515FEA9B}.Ad-Hoc|ARM.ActiveCfg = Release|Any CPU
		{8A8DE7DB-DE06-4CDD-9D36-D0ED515FEA9B}.Ad-Hoc|ARM.Build.0 = Release|Any CPU
		{8A8DE7DB-DE06-4CDD-9D36-D0ED515FEA9B}.Ad-Hoc|ARM.Deploy.0 = Release|Any CPU
		{8A8DE7DB-DE06-4CDD-9D36-D0ED515FEA9B}.Ad-Hoc|iPhone.ActiveCfg = Release|Any CPU
		{8A8DE7DB-DE06-4CDD-9D36-D0ED515FEA9B}.Ad-Hoc|iPhone.Build.0 = Release|Any CPU
		{8A8DE7DB-DE06-4CDD-9D36-D0ED515FEA9B}.Ad-Hoc|iPhone.Deploy.0 = Release|Any CPU
		{8A8DE7DB-DE06-4CDD-9D36-D0ED515FEA9B}.Ad-Hoc|iPhoneSimulator.ActiveCfg = Release|Any CPU
		{8A8DE7DB-DE06-4CDD-9D36-D0ED515FEA9B}.Ad-Hoc|iPhoneSimulator.Build.0 = Release|Any CPU
		{8A8DE7DB-DE06-4CDD-9D36-D0ED515FEA9B}.Ad-Hoc|iPhoneSimulator.Deploy.0 = Release|Any CPU
		{8A8DE7DB-DE06-4CDD-9D36-D0ED515FEA9B}.Ad-Hoc|x64.ActiveCfg = Release|Any CPU
		{8A8DE7DB-DE06-4CDD-9D36-D0ED515FEA9B}.Ad-Hoc|x64.Build.0 = Release|Any CPU
		{8A8DE7DB-DE06-4CDD-9D36-D0ED515FEA9B}.Ad-Hoc|x64.Deploy.0 = Release|Any CPU
		{8A8DE7DB-DE06-4CDD-9D36-D0ED515FEA9B}.Ad-Hoc|x86.ActiveCfg = Release|Any CPU
		{8A8DE7DB-DE06-4CDD-9D36-D0ED515FEA9B}.Ad-Hoc|x86.Build.0 = Release|Any CPU
		{8A8DE7DB-DE06-4CDD-9D36-D0ED515FEA9B}.Ad-Hoc|x86.Deploy.0 = Release|Any CPU
		{8A8DE7DB-DE06-4CDD-9D36-D0ED515FEA9B}.AppStore|Any CPU.ActiveCfg = Release|Any CPU
		{8A8DE7DB-DE06-4CDD-9D36-D0ED515FEA9B}.AppStore|Any CPU.Build.0 = Release|Any CPU
		{8A8DE7DB-DE06-4CDD-9D36-D0ED515FEA9B}.AppStore|Any CPU.Deploy.0 = Release|Any CPU
		{8A8DE7DB-DE06-4CDD-9D36-D0ED515FEA9B}.AppStore|ARM.ActiveCfg = Release|Any CPU
		{8A8DE7DB-DE06-4CDD-9D36-D0ED515FEA9B}.AppStore|ARM.Build.0 = Release|Any CPU
		{8A8DE7DB-DE06-4CDD-9D36-D0ED515FEA9B}.AppStore|ARM.Deploy.0 = Release|Any CPU
		{8A8DE7DB-DE06-4CDD-9D36-D0ED515FEA9B}.AppStore|iPhone.ActiveCfg = Release|Any CPU
		{8A8DE7DB-DE06-4CDD-9D36-D0ED515FEA9B}.AppStore|iPhone.Build.0 = Release|Any CPU
		{8A8DE7DB-DE06-4CDD-9D36-D0ED515FEA9B}.AppStore|iPhone.Deploy.0 = Release|Any CPU
		{8A8DE7DB-DE06-4CDD-9D36-D0ED515FEA9B}.AppStore|iPhoneSimulator.ActiveCfg = Release|Any CPU
		{8A8DE7DB-DE06-4CDD-9D36-D0ED515FEA9B}.AppStore|iPhoneSimulator.Build.0 = Release|Any CPU
		{8A8DE7DB-DE06-4CDD-9D36-D0ED515FEA9B}.AppStore|iPhoneSimulator.Deploy.0 = Release|Any CPU
		{8A8DE7DB-DE06-4CDD-9D36-D0ED515FEA9B}.AppStore|x64.ActiveCfg = Release|Any CPU
		{8A8DE7DB-DE06-4CDD-9D36-D0ED515FEA9B}.AppStore|x64.Build.0 = Release|Any CPU
		{8A8DE7DB-DE06-4CDD-9D36-D0ED515FEA9B}.AppStore|x64.Deploy.0 = Release|Any CPU
		{8A8DE7DB-DE06-4CDD-9D36-D0ED515FEA9B}.AppStore|x86.ActiveCfg = Release|Any CPU
		{8A8DE7DB-DE06-4CDD-9D36-D0ED515FEA9B}.AppStore|x86.Build.0 = Release|Any CPU
		{8A8DE7DB-DE06-4CDD-9D36-D0ED515FEA9B}.AppStore|x86.Deploy.0 = Release|Any CPU
		{8A8DE7DB-DE06-4CDD-9D36-D0ED515FEA9B}.Debug|Any CPU.ActiveCfg = Debug|Any CPU
		{8A8DE7DB-DE06-4CDD-9D36-D0ED515FEA9B}.Debug|Any CPU.Build.0 = Debug|Any CPU
		{8A8DE7DB-DE06-4CDD-9D36-D0ED515FEA9B}.Debug|Any CPU.Deploy.0 = Debug|Any CPU
		{8A8DE7DB-DE06-4CDD-9D36-D0ED515FEA9B}.Debug|ARM.ActiveCfg = Debug|Any CPU
		{8A8DE7DB-DE06-4CDD-9D36-D0ED515FEA9B}.Debug|ARM.Build.0 = Debug|Any CPU
		{8A8DE7DB-DE06-4CDD-9D36-D0ED515FEA9B}.Debug|ARM.Deploy.0 = Debug|Any CPU
		{8A8DE7DB-DE06-4CDD-9D36-D0ED515FEA9B}.Debug|iPhone.ActiveCfg = Debug|Any CPU
		{8A8DE7DB-DE06-4CDD-9D36-D0ED515FEA9B}.Debug|iPhone.Build.0 = Debug|Any CPU
		{8A8DE7DB-DE06-4CDD-9D36-D0ED515FEA9B}.Debug|iPhone.Deploy.0 = Debug|Any CPU
		{8A8DE7DB-DE06-4CDD-9D36-D0ED515FEA9B}.Debug|iPhoneSimulator.ActiveCfg = Debug|Any CPU
		{8A8DE7DB-DE06-4CDD-9D36-D0ED515FEA9B}.Debug|iPhoneSimulator.Build.0 = Debug|Any CPU
		{8A8DE7DB-DE06-4CDD-9D36-D0ED515FEA9B}.Debug|iPhoneSimulator.Deploy.0 = Debug|Any CPU
		{8A8DE7DB-DE06-4CDD-9D36-D0ED515FEA9B}.Debug|x64.ActiveCfg = Debug|Any CPU
		{8A8DE7DB-DE06-4CDD-9D36-D0ED515FEA9B}.Debug|x64.Build.0 = Debug|Any CPU
		{8A8DE7DB-DE06-4CDD-9D36-D0ED515FEA9B}.Debug|x64.Deploy.0 = Debug|Any CPU
		{8A8DE7DB-DE06-4CDD-9D36-D0ED515FEA9B}.Debug|x86.ActiveCfg = Debug|Any CPU
		{8A8DE7DB-DE06-4CDD-9D36-D0ED515FEA9B}.Debug|x86.Build.0 = Debug|Any CPU
		{8A8DE7DB-DE06-4CDD-9D36-D0ED515FEA9B}.Debug|x86.Deploy.0 = Debug|Any CPU
		{8A8DE7DB-DE06-4CDD-9D36-D0ED515FEA9B}.Release|Any CPU.ActiveCfg = Release|Any CPU
		{8A8DE7DB-DE06-4CDD-9D36-D0ED515FEA9B}.Release|Any CPU.Build.0 = Release|Any CPU
		{8A8DE7DB-DE06-4CDD-9D36-D0ED515FEA9B}.Release|Any CPU.Deploy.0 = Release|Any CPU
		{8A8DE7DB-DE06-4CDD-9D36-D0ED515FEA9B}.Release|ARM.ActiveCfg = Release|Any CPU
		{8A8DE7DB-DE06-4CDD-9D36-D0ED515FEA9B}.Release|ARM.Build.0 = Release|Any CPU
		{8A8DE7DB-DE06-4CDD-9D36-D0ED515FEA9B}.Release|ARM.Deploy.0 = Release|Any CPU
		{8A8DE7DB-DE06-4CDD-9D36-D0ED515FEA9B}.Release|iPhone.ActiveCfg = Release|Any CPU
		{8A8DE7DB-DE06-4CDD-9D36-D0ED515FEA9B}.Release|iPhone.Build.0 = Release|Any CPU
		{8A8DE7DB-DE06-4CDD-9D36-D0ED515FEA9B}.Release|iPhone.Deploy.0 = Release|Any CPU
		{8A8DE7DB-DE06-4CDD-9D36-D0ED515FEA9B}.Release|iPhoneSimulator.ActiveCfg = Release|Any CPU
		{8A8DE7DB-DE06-4CDD-9D36-D0ED515FEA9B}.Release|iPhoneSimulator.Build.0 = Release|Any CPU
		{8A8DE7DB-DE06-4CDD-9D36-D0ED515FEA9B}.Release|iPhoneSimulator.Deploy.0 = Release|Any CPU
		{8A8DE7DB-DE06-4CDD-9D36-D0ED515FEA9B}.Release|x64.ActiveCfg = Release|Any CPU
		{8A8DE7DB-DE06-4CDD-9D36-D0ED515FEA9B}.Release|x64.Build.0 = Release|Any CPU
		{8A8DE7DB-DE06-4CDD-9D36-D0ED515FEA9B}.Release|x64.Deploy.0 = Release|Any CPU
		{8A8DE7DB-DE06-4CDD-9D36-D0ED515FEA9B}.Release|x86.ActiveCfg = Release|Any CPU
		{8A8DE7DB-DE06-4CDD-9D36-D0ED515FEA9B}.Release|x86.Build.0 = Release|Any CPU
		{8A8DE7DB-DE06-4CDD-9D36-D0ED515FEA9B}.Release|x86.Deploy.0 = Release|Any CPU
		{96B657DC-ACE5-4350-A513-4DA8B899FF3D}.Ad-Hoc|Any CPU.ActiveCfg = Ad-Hoc|iPhone
		{96B657DC-ACE5-4350-A513-4DA8B899FF3D}.Ad-Hoc|ARM.ActiveCfg = Ad-Hoc|iPhone
		{96B657DC-ACE5-4350-A513-4DA8B899FF3D}.Ad-Hoc|iPhone.ActiveCfg = Ad-Hoc|iPhone
		{96B657DC-ACE5-4350-A513-4DA8B899FF3D}.Ad-Hoc|iPhone.Build.0 = Ad-Hoc|iPhone
		{96B657DC-ACE5-4350-A513-4DA8B899FF3D}.Ad-Hoc|iPhoneSimulator.ActiveCfg = Ad-Hoc|iPhoneSimulator
		{96B657DC-ACE5-4350-A513-4DA8B899FF3D}.Ad-Hoc|iPhoneSimulator.Build.0 = Ad-Hoc|iPhoneSimulator
		{96B657DC-ACE5-4350-A513-4DA8B899FF3D}.Ad-Hoc|x64.ActiveCfg = Ad-Hoc|iPhone
		{96B657DC-ACE5-4350-A513-4DA8B899FF3D}.Ad-Hoc|x86.ActiveCfg = Ad-Hoc|iPhone
		{96B657DC-ACE5-4350-A513-4DA8B899FF3D}.AppStore|Any CPU.ActiveCfg = AppStore|iPhone
		{96B657DC-ACE5-4350-A513-4DA8B899FF3D}.AppStore|ARM.ActiveCfg = AppStore|iPhone
		{96B657DC-ACE5-4350-A513-4DA8B899FF3D}.AppStore|iPhone.ActiveCfg = AppStore|iPhone
		{96B657DC-ACE5-4350-A513-4DA8B899FF3D}.AppStore|iPhone.Build.0 = AppStore|iPhone
		{96B657DC-ACE5-4350-A513-4DA8B899FF3D}.AppStore|iPhoneSimulator.ActiveCfg = AppStore|iPhoneSimulator
		{96B657DC-ACE5-4350-A513-4DA8B899FF3D}.AppStore|iPhoneSimulator.Build.0 = AppStore|iPhoneSimulator
		{96B657DC-ACE5-4350-A513-4DA8B899FF3D}.AppStore|x64.ActiveCfg = AppStore|iPhone
		{96B657DC-ACE5-4350-A513-4DA8B899FF3D}.AppStore|x86.ActiveCfg = AppStore|iPhone
		{96B657DC-ACE5-4350-A513-4DA8B899FF3D}.Debug|Any CPU.ActiveCfg = Debug|iPhone
		{96B657DC-ACE5-4350-A513-4DA8B899FF3D}.Debug|ARM.ActiveCfg = Debug|iPhone
		{96B657DC-ACE5-4350-A513-4DA8B899FF3D}.Debug|iPhone.ActiveCfg = Debug|iPhone
		{96B657DC-ACE5-4350-A513-4DA8B899FF3D}.Debug|iPhone.Build.0 = Debug|iPhone
		{96B657DC-ACE5-4350-A513-4DA8B899FF3D}.Debug|iPhoneSimulator.ActiveCfg = Debug|iPhoneSimulator
		{96B657DC-ACE5-4350-A513-4DA8B899FF3D}.Debug|iPhoneSimulator.Build.0 = Debug|iPhoneSimulator
		{96B657DC-ACE5-4350-A513-4DA8B899FF3D}.Debug|x64.ActiveCfg = Debug|iPhone
		{96B657DC-ACE5-4350-A513-4DA8B899FF3D}.Debug|x86.ActiveCfg = Debug|iPhone
		{96B657DC-ACE5-4350-A513-4DA8B899FF3D}.Release|Any CPU.ActiveCfg = Release|iPhone
		{96B657DC-ACE5-4350-A513-4DA8B899FF3D}.Release|ARM.ActiveCfg = Release|iPhone
		{96B657DC-ACE5-4350-A513-4DA8B899FF3D}.Release|iPhone.ActiveCfg = Release|iPhone
		{96B657DC-ACE5-4350-A513-4DA8B899FF3D}.Release|iPhone.Build.0 = Release|iPhone
		{96B657DC-ACE5-4350-A513-4DA8B899FF3D}.Release|iPhoneSimulator.ActiveCfg = Release|iPhoneSimulator
		{96B657DC-ACE5-4350-A513-4DA8B899FF3D}.Release|iPhoneSimulator.Build.0 = Release|iPhoneSimulator
		{96B657DC-ACE5-4350-A513-4DA8B899FF3D}.Release|x64.ActiveCfg = Release|iPhone
		{96B657DC-ACE5-4350-A513-4DA8B899FF3D}.Release|x86.ActiveCfg = Release|iPhone
		{41945E97-5715-45FD-8F54-A1C77E4F115B}.Ad-Hoc|Any CPU.ActiveCfg = Debug|Any CPU
		{41945E97-5715-45FD-8F54-A1C77E4F115B}.Ad-Hoc|Any CPU.Build.0 = Debug|Any CPU
		{41945E97-5715-45FD-8F54-A1C77E4F115B}.Ad-Hoc|ARM.ActiveCfg = Debug|Any CPU
		{41945E97-5715-45FD-8F54-A1C77E4F115B}.Ad-Hoc|ARM.Build.0 = Debug|Any CPU
		{41945E97-5715-45FD-8F54-A1C77E4F115B}.Ad-Hoc|iPhone.ActiveCfg = Debug|Any CPU
		{41945E97-5715-45FD-8F54-A1C77E4F115B}.Ad-Hoc|iPhone.Build.0 = Debug|Any CPU
		{41945E97-5715-45FD-8F54-A1C77E4F115B}.Ad-Hoc|iPhoneSimulator.ActiveCfg = Debug|Any CPU
		{41945E97-5715-45FD-8F54-A1C77E4F115B}.Ad-Hoc|iPhoneSimulator.Build.0 = Debug|Any CPU
		{41945E97-5715-45FD-8F54-A1C77E4F115B}.Ad-Hoc|x64.ActiveCfg = Debug|Any CPU
		{41945E97-5715-45FD-8F54-A1C77E4F115B}.Ad-Hoc|x64.Build.0 = Debug|Any CPU
		{41945E97-5715-45FD-8F54-A1C77E4F115B}.Ad-Hoc|x86.ActiveCfg = Debug|Any CPU
		{41945E97-5715-45FD-8F54-A1C77E4F115B}.Ad-Hoc|x86.Build.0 = Debug|Any CPU
		{41945E97-5715-45FD-8F54-A1C77E4F115B}.AppStore|Any CPU.ActiveCfg = Debug|Any CPU
		{41945E97-5715-45FD-8F54-A1C77E4F115B}.AppStore|Any CPU.Build.0 = Debug|Any CPU
		{41945E97-5715-45FD-8F54-A1C77E4F115B}.AppStore|ARM.ActiveCfg = Debug|Any CPU
		{41945E97-5715-45FD-8F54-A1C77E4F115B}.AppStore|ARM.Build.0 = Debug|Any CPU
		{41945E97-5715-45FD-8F54-A1C77E4F115B}.AppStore|iPhone.ActiveCfg = Debug|Any CPU
		{41945E97-5715-45FD-8F54-A1C77E4F115B}.AppStore|iPhone.Build.0 = Debug|Any CPU
		{41945E97-5715-45FD-8F54-A1C77E4F115B}.AppStore|iPhoneSimulator.ActiveCfg = Debug|Any CPU
		{41945E97-5715-45FD-8F54-A1C77E4F115B}.AppStore|iPhoneSimulator.Build.0 = Debug|Any CPU
		{41945E97-5715-45FD-8F54-A1C77E4F115B}.AppStore|x64.ActiveCfg = Debug|Any CPU
		{41945E97-5715-45FD-8F54-A1C77E4F115B}.AppStore|x64.Build.0 = Debug|Any CPU
		{41945E97-5715-45FD-8F54-A1C77E4F115B}.AppStore|x86.ActiveCfg = Debug|Any CPU
		{41945E97-5715-45FD-8F54-A1C77E4F115B}.AppStore|x86.Build.0 = Debug|Any CPU
		{41945E97-5715-45FD-8F54-A1C77E4F115B}.Debug|Any CPU.ActiveCfg = Debug|Any CPU
		{41945E97-5715-45FD-8F54-A1C77E4F115B}.Debug|Any CPU.Build.0 = Debug|Any CPU
		{41945E97-5715-45FD-8F54-A1C77E4F115B}.Debug|ARM.ActiveCfg = Debug|Any CPU
		{41945E97-5715-45FD-8F54-A1C77E4F115B}.Debug|ARM.Build.0 = Debug|Any CPU
		{41945E97-5715-45FD-8F54-A1C77E4F115B}.Debug|iPhone.ActiveCfg = Debug|Any CPU
		{41945E97-5715-45FD-8F54-A1C77E4F115B}.Debug|iPhone.Build.0 = Debug|Any CPU
		{41945E97-5715-45FD-8F54-A1C77E4F115B}.Debug|iPhoneSimulator.ActiveCfg = Debug|Any CPU
		{41945E97-5715-45FD-8F54-A1C77E4F115B}.Debug|iPhoneSimulator.Build.0 = Debug|Any CPU
		{41945E97-5715-45FD-8F54-A1C77E4F115B}.Debug|x64.ActiveCfg = Debug|Any CPU
		{41945E97-5715-45FD-8F54-A1C77E4F115B}.Debug|x64.Build.0 = Debug|Any CPU
		{41945E97-5715-45FD-8F54-A1C77E4F115B}.Debug|x86.ActiveCfg = Debug|Any CPU
		{41945E97-5715-45FD-8F54-A1C77E4F115B}.Debug|x86.Build.0 = Debug|Any CPU
		{41945E97-5715-45FD-8F54-A1C77E4F115B}.Release|Any CPU.ActiveCfg = Release|Any CPU
		{41945E97-5715-45FD-8F54-A1C77E4F115B}.Release|Any CPU.Build.0 = Release|Any CPU
		{41945E97-5715-45FD-8F54-A1C77E4F115B}.Release|ARM.ActiveCfg = Release|Any CPU
		{41945E97-5715-45FD-8F54-A1C77E4F115B}.Release|ARM.Build.0 = Release|Any CPU
		{41945E97-5715-45FD-8F54-A1C77E4F115B}.Release|iPhone.ActiveCfg = Release|Any CPU
		{41945E97-5715-45FD-8F54-A1C77E4F115B}.Release|iPhone.Build.0 = Release|Any CPU
		{41945E97-5715-45FD-8F54-A1C77E4F115B}.Release|iPhoneSimulator.ActiveCfg = Release|Any CPU
		{41945E97-5715-45FD-8F54-A1C77E4F115B}.Release|iPhoneSimulator.Build.0 = Release|Any CPU
		{41945E97-5715-45FD-8F54-A1C77E4F115B}.Release|x64.ActiveCfg = Release|Any CPU
		{41945E97-5715-45FD-8F54-A1C77E4F115B}.Release|x64.Build.0 = Release|Any CPU
		{41945E97-5715-45FD-8F54-A1C77E4F115B}.Release|x86.ActiveCfg = Release|Any CPU
		{41945E97-5715-45FD-8F54-A1C77E4F115B}.Release|x86.Build.0 = Release|Any CPU
	EndGlobalSection
	GlobalSection(SolutionProperties) = preSolution
		HideSolutionNode = FALSE
	EndGlobalSection
	GlobalSection(NestedProjects) = preSolution
		{CEE0576C-C001-416D-84B7-71A712AB909A} = {B180B3CC-A1C7-4E83-BF83-CDF469A679D0}
		{1B1FB1A0-29A9-4AE0-AB59-58F01301DC26} = {C0FD6390-41B0-4B8C-9F9A-1F266C5C72D7}
		{8A8DE7DB-DE06-4CDD-9D36-D0ED515FEA9B} = {F88A5547-350E-4523-9ED9-C7B53CA74FBF}
		{96B657DC-ACE5-4350-A513-4DA8B899FF3D} = {F88A5547-350E-4523-9ED9-C7B53CA74FBF}
		{41945E97-5715-45FD-8F54-A1C77E4F115B} = {F88A5547-350E-4523-9ED9-C7B53CA74FBF}
	EndGlobalSection
	GlobalSection(ExtensibilityGlobals) = postSolution
		SolutionGuid = {7AD6D4D8-539E-4B61-87DA-28017CEFA771}
	EndGlobalSection
EndGlobal
